
Microsoft Visual Studio Solution File, Format Version 12.00
# Visual Studio Version 16
VisualStudioVersion = 16.0.30711.63
MinimumVisualStudioVersion = 10.0.40219.1
Project("{FAE04EC0-301F-11D3-BF4B-00C04F79EFBC}") = "ararararargibot", "ararararargibot.csproj", "{A59F7EB5-3278-49C9-A3A0-1670BA1172E5}"
EndProject
Global
	GlobalSection(SolutionConfigurationPlatforms) = preSolution
		Debug|Any CPU = Debug|Any CPU
		Release|Any CPU = Release|Any CPU
	EndGlobalSection
	GlobalSection(ProjectConfigurationPlatforms) = postSolution
		{A59F7EB5-3278-49C9-A3A0-1670BA1172E5}.Debug|Any CPU.ActiveCfg = Debug|Any CPU
		{A59F7EB5-3278-49C9-A3A0-1670BA1172E5}.Debug|Any CPU.Build.0 = Debug|Any CPU
		{A59F7EB5-3278-49C9-A3A0-1670BA1172E5}.Release|Any CPU.ActiveCfg = Release|Any CPU
		{A59F7EB5-3278-49C9-A3A0-1670BA1172E5}.Release|Any CPU.Build.0 = Release|Any CPU
	EndGlobalSection
	GlobalSection(SolutionProperties) = preSolution
		HideSolutionNode = FALSE
	EndGlobalSection
	GlobalSection(ExtensibilityGlobals) = postSolution
		SolutionGuid = {747EB04C-CDCE-4C3A-A824-BC0C5F9FFAD4}
	EndGlobalSection
EndGlobal
